<?xml version="1.0" encoding="utf-8"?>
<Project ToolsVersion="4.0" xmlns="http://schemas.microsoft.com/developer/msbuild/2003">
  <ItemGroup>
    <Filter Include="Archivos de origen">
      <UniqueIdentifier>{4FC737F1-C7A5-4376-A066-2A32D752A2FF}</UniqueIdentifier>
      <Extensions>cpp;c;cc;cxx;c++;cppm;ixx;def;odl;idl;hpj;bat;asm;asmx</Extensions>
    </Filter>
    <Filter Include="Archivos de encabezado">
      <UniqueIdentifier>{93995380-89BD-4b04-88EB-625FBE52EBFB}</UniqueIdentifier>
      <Extensions>h;hh;hpp;hxx;h++;hm;inl;inc;ipp;xsd</Extensions>
    </Filter>
    <Filter Include="Archivos de recursos">
      <UniqueIdentifier>{67DA6AB6-F800-4c08-8B7A-83BB121AAD01}</UniqueIdentifier>
      <Extensions>rc;ico;cur;bmp;dlg;rc2;rct;bin;rgs;gif;jpg;jpeg;jpe;resx;tiff;tif;png;wav;mfcribbon-ms</Extensions>
    </Filter>
  </ItemGroup>
  <ItemGroup>
    <ClInclude Include="framework.h">
      <Filter>Archivos de encabezado</Filter>
    </ClInclude>
    <ClInclude Include="targetver.h">
      <Filter>Archivos de encabezado</Filter>
    </ClInclude>
    <ClInclude Include="Resource.h">
      <Filter>Archivos de encabezado</Filter>
    </ClInclude>
    <ClInclude Include="cnskeys.h">
      <Filter>Archivos de encabezado</Filter>
    </ClInclude>
    <ClInclude Include="config.h">
      <Filter>Archivos de encabezado</Filter>
    </ClInclude>
    <ClInclude Include="stringutils.h">
      <Filter>Archivos de encabezado</Filter>
    </ClInclude>
    <ClInclude Include="lang.h">
      <Filter>Archivos de encabezado</Filter>
    </ClInclude>
  </ItemGroup>
  <ItemGroup>
    <ClCompile Include="cnskeys.c">
      <Filter>Archivos de origen</Filter>
    </ClCompile>
    <ClCompile Include="config.c">
      <Filter>Archivos de origen</Filter>
    </ClCompile>
    <ClCompile Include="stringutils.c">
      <Filter>Archivos de origen</Filter>
    </ClCompile>
    <ClCompile Include="lang.c">
      <Filter>Archivos de origen</Filter>
    </ClCompile>
  </ItemGroup>
  <ItemGroup>
    <ResourceCompile Include="cnskeys.rc">
      <Filter>Archivos de recursos</Filter>
    </ResourceCompile>
  </ItemGroup>
  <ItemGroup>
    <Image Include="small.ico">
      <Filter>Archivos de recursos</Filter>
    </Image>
    <Image Include="C:\Users\arana\Downloads\cl.ico">
      <Filter>Archivos de recursos</Filter>
    </Image>
    <Image Include="C:\Users\arana\Downloads\ns.ico">
      <Filter>Archivos de recursos</Filter>
    </Image>
    <Image Include="cnskeys.ico">
      <Filter>Archivos de recursos</Filter>
    </Image>
    <Image Include="icon1.ico">
      <Filter>Archivos de recursos</Filter>
    </Image>
    <Image Include="C:\Users\arana\Downloads\capson.ico">
      <Filter>Archivos de recursos</Filter>
    </Image>
    <Image Include="C:\Users\arana\Downloads\numon.ico">
      <Filter>Archivos de recursos</Filter>
    </Image>
    <Image Include="C:\Users\arana\Downloads\scrollon.ico">
      <Filter>Archivos de recursos</Filter>
    </Image>
    <Image Include="C:\Users\arana\Downloads\capsoff.ico">
      <Filter>Archivos de recursos</Filter>
    </Image>
    <Image Include="C:\Users\arana\Downloads\numoff.ico">
      <Filter>Archivos de recursos</Filter>
    </Image>
    <Image Include="C:\Users\arana\Downloads\scrolloff.ico">
      <Filter>Archivos de recursos</Filter>
    </Image>
    <Image Include="capson.ico">
      <Filter>Archivos de recursos</Filter>
    </Image>
    <Image Include="numon.ico">
      <Filter>Archivos de recursos</Filter>
    </Image>
    <Image Include="scrollon.ico">
      <Filter>Archivos de recursos</Filter>
    </Image>
    <Image Include="capsoff.ico">
      <Filter>Archivos de recursos</Filter>
    </Image>
    <Image Include="numoff.ico">
      <Filter>Archivos de recursos</Filter>
    </Image>
    <Image Include="scrolloff.ico">
      <Filter>Archivos de recursos</Filter>
    </Image>
  </ItemGroup>
  <ItemGroup>
    <Media Include="keyon.wav">
      <Filter>Archivos de recursos</Filter>
    </Media>
    <Media Include="keyoff.wav">
      <Filter>Archivos de recursos</Filter>
    </Media>
  </ItemGroup>
</Project>